
Microsoft Visual Studio Solution File, Format Version 12.00
# Visual Studio Version 17
VisualStudioVersion = 17.11.35222.181
MinimumVisualStudioVersion = 10.0.40219.1
Project("{FAE04EC0-301F-11D3-BF4B-00C04F79EFBC}") = "ProyectoG18", "ProyectoG18.csproj", "{3A7061B5-36E8-4EC9-B71C-0412B0FDDC29}"
EndProject
Global
	GlobalSection(SolutionConfigurationPlatforms) = preSolution
		Debug|Any CPU = Debug|Any CPU
		Release|Any CPU = Release|Any CPU
	EndGlobalSection
	GlobalSection(ProjectConfigurationPlatforms) = postSolution
		{3A7061B5-36E8-4EC9-B71C-0412B0FDDC29}.Debug|Any CPU.ActiveCfg = Debug|Any CPU
		{3A7061B5-36E8-4EC9-B71C-0412B0FDDC29}.Debug|Any CPU.Build.0 = Debug|Any CPU
		{3A7061B5-36E8-4EC9-B71C-0412B0FDDC29}.Release|Any CPU.ActiveCfg = Release|Any CPU
		{3A7061B5-36E8-4EC9-B71C-0412B0FDDC29}.Release|Any CPU.Build.0 = Release|Any CPU
	EndGlobalSection
	GlobalSection(SolutionProperties) = preSolution
		HideSolutionNode = FALSE
	EndGlobalSection
	GlobalSection(ExtensibilityGlobals) = postSolution
		SolutionGuid = {44B69C16-E14E-478B-B769-9500F2A0644F}
	EndGlobalSection
EndGlobal
